Microsoft Visual Studio Solution File, Format Version 12.00
# Visual Studio Version 17
VisualStudioVersion = 17.13.35825.156 d17.13
MinimumVisualStudioVersion = 10.0.40219.1
Project("{54A90642-561A-4BB1-A94E-469ADEE60C69}") = "my-library", "my-library\my-library.esproj", "{6B6226CD-7191-D72A-CA68-90FCAA70C6DF}"
EndProject
Global
	GlobalSection(SolutionConfigurationPlatforms) = preSolution
		Debug|Any CPU = Debug|Any CPU
		Release|Any CPU = Release|Any CPU
	EndGlobalSection
	GlobalSection(ProjectConfigurationPlatforms) = postSolution
		{6B6226CD-7191-D72A-CA68-90FCAA70C6DF}.Debug|Any CPU.ActiveCfg = Debug|Any CPU
		{6B6226CD-7191-D72A-CA68-90FCAA70C6DF}.Debug|Any CPU.Build.0 = Debug|Any CPU
		{6B6226CD-7191-D72A-CA68-90FCAA70C6DF}.Debug|Any CPU.Deploy.0 = Debug|Any CPU
		{6B6226CD-7191-D72A-CA68-90FCAA70C6DF}.Release|Any CPU.ActiveCfg = Release|Any CPU
		{6B6226CD-7191-D72A-CA68-90FCAA70C6DF}.Release|Any CPU.Build.0 = Release|Any CPU
		{6B6226CD-7191-D72A-CA68-90FCAA70C6DF}.Release|Any CPU.Deploy.0 = Release|Any CPU
	EndGlobalSection
	GlobalSection(SolutionProperties) = preSolution
		HideSolutionNode = FALSE
	EndGlobalSection
	GlobalSection(ExtensibilityGlobals) = postSolution
		SolutionGuid = {7D14A22F-0522-4AD7-BF59-20E8ECB7AAF2}
	EndGlobalSection
EndGlobal